
Microsoft Visual Studio Solution File, Format Version 12.00
# Visual Studio Version 17
VisualStudioVersion = 17.3.32825.248
MinimumVisualStudioVersion = 10.0.40219.1
Project("{2150E333-8FDC-42A3-9474-1A3956D46DE8}") = "core", "core", "{32A1267D-582C-44E1-A994-D530AE603709}"
EndProject
Project("{2150E333-8FDC-42A3-9474-1A3956D46DE8}") = "services", "services", "{D86C3561-A327-4FD4-90EF-3C65EBD54784}"
EndProject
Project("{2150E333-8FDC-42A3-9474-1A3956D46DE8}") = "Gateway", "Gateway", "{EEDC6594-2798-4A82-A19C-72918F6763F9}"
EndProject
Project("{2150E333-8FDC-42A3-9474-1A3956D46DE8}") = "Order", "Order", "{4BF62579-3B32-4E53-949A-852E96078D78}"
EndProject
Project("{2150E333-8FDC-42A3-9474-1A3956D46DE8}") = "Stock", "Stock", "{9615E662-0351-490C-A9C9-3D5AB70A1A74}"
EndProject
Project("{2150E333-8FDC-42A3-9474-1A3956D46DE8}") = "Payment", "Payment", "{350D2486-ABEB-47EE-9CD4-6C047D8BC1E6}"
EndProject
Project("{FAE04EC0-301F-11D3-BF4B-00C04F79EFBC}") = "Core.Domain", "src\core\Core.Domain\Core.Domain.csproj", "{E8278E01-E0D6-4961-BA84-92E5A68ED8C1}"
EndProject
Project("{FAE04EC0-301F-11D3-BF4B-00C04F79EFBC}") = "Core.Application", "src\core\Core.Application\Core.Application.csproj", "{86752601-65CA-47D4-9684-1F5B81587692}"
EndProject
Project("{FAE04EC0-301F-11D3-BF4B-00C04F79EFBC}") = "Core.Infrastructure", "src\core\Core.Infrastructure\Core.Infrastructure.csproj", "{86454F44-C876-452F-8539-41CF1EB1D2DD}"
EndProject
Project("{FAE04EC0-301F-11D3-BF4B-00C04F79EFBC}") = "Messages", "src\core\Messages\Messages.csproj", "{AA75E7D7-B654-4072-8D5C-7A1245717FD6}"
EndProject
Project("{FAE04EC0-301F-11D3-BF4B-00C04F79EFBC}") = "Order.API", "src\services\Order\Order.API\Order.API.csproj", "{9E53D4E5-5FE2-42D2-B6CA-33BD9BE9440C}"
EndProject
Project("{FAE04EC0-301F-11D3-BF4B-00C04F79EFBC}") = "Order.Application", "src\services\Order\Order.Application\Order.Application.csproj", "{B973518C-BEB7-40FF-BBF3-5E0D28AC3FE2}"
EndProject
Project("{FAE04EC0-301F-11D3-BF4B-00C04F79EFBC}") = "Order.Domain", "src\services\Order\Order.Domain\Order.Domain.csproj", "{94D3E571-655C-49A8-8FF8-B685C5ABC851}"
EndProject
Project("{FAE04EC0-301F-11D3-BF4B-00C04F79EFBC}") = "Order.Infrastructure", "src\services\Order\Order.Infrastructure\Order.Infrastructure.csproj", "{839172FF-4216-4529-ADE2-0E5383515C36}"
EndProject
Project("{FAE04EC0-301F-11D3-BF4B-00C04F79EFBC}") = "Stock.API", "src\services\Stock\Stock.API\Stock.API.csproj", "{F5B1140F-6939-4B7D-9946-9FD527777340}"
EndProject
Project("{FAE04EC0-301F-11D3-BF4B-00C04F79EFBC}") = "Stock.Application", "src\services\Stock\Stock.Application\Stock.Application.csproj", "{BA0820E7-FD77-4382-82CB-C882B1B7CF0B}"
EndProject
Project("{FAE04EC0-301F-11D3-BF4B-00C04F79EFBC}") = "Stock.Domain", "src\services\Stock\Stock.Domain\Stock.Domain.csproj", "{6FAA8C62-A217-40D7-B2A0-0F078FAC5F77}"
EndProject
Project("{FAE04EC0-301F-11D3-BF4B-00C04F79EFBC}") = "Stock.Infrastructure", "src\services\Stock\Stock.Infrastructure\Stock.Infrastructure.csproj", "{78E47CCC-D561-4F3A-8F75-E242A1722DD3}"
EndProject
Project("{FAE04EC0-301F-11D3-BF4B-00C04F79EFBC}") = "Payment.API", "src\services\Payment\Payment.API\Payment.API.csproj", "{140B9073-5313-473F-A38F-BF57AA272D56}"
EndProject
Project("{FAE04EC0-301F-11D3-BF4B-00C04F79EFBC}") = "Payment.Application", "src\services\Payment\Payment.Application\Payment.Application.csproj", "{0C819D0D-AF4A-43F0-953B-9146C2571BFA}"
EndProject
Project("{FAE04EC0-301F-11D3-BF4B-00C04F79EFBC}") = "Payment.Domain", "src\services\Payment\Payment.Domain\Payment.Domain.csproj", "{C28161A6-9E4D-44DB-8D40-25154BEE3761}"
EndProject
Project("{FAE04EC0-301F-11D3-BF4B-00C04F79EFBC}") = "Payment.Infrastructure", "src\services\Payment\Payment.Infrastructure\Payment.Infrastructure.csproj", "{3AAD6F89-D0DE-4AAD-8E8F-B1D3949CB1F5}"
EndProject
Project("{FAE04EC0-301F-11D3-BF4B-00C04F79EFBC}") = "Gateway.API", "src\services\Gateway\Gateway.API\Gateway.API.csproj", "{B2842C9E-947F-40F3-A637-A579186288F4}"
EndProject
Global
	GlobalSection(SolutionConfigurationPlatforms) = preSolution
		Debug|Any CPU = Debug|Any CPU
		Release|Any CPU = Release|Any CPU
	EndGlobalSection
	GlobalSection(ProjectConfigurationPlatforms) = postSolution
		{E8278E01-E0D6-4961-BA84-92E5A68ED8C1}.Debug|Any CPU.ActiveCfg = Debug|Any CPU
		{E8278E01-E0D6-4961-BA84-92E5A68ED8C1}.Debug|Any CPU.Build.0 = Debug|Any CPU
		{E8278E01-E0D6-4961-BA84-92E5A68ED8C1}.Release|Any CPU.ActiveCfg = Release|Any CPU
		{E8278E01-E0D6-4961-BA84-92E5A68ED8C1}.Release|Any CPU.Build.0 = Release|Any CPU
		{86752601-65CA-47D4-9684-1F5B81587692}.Debug|Any CPU.ActiveCfg = Debug|Any CPU
		{86752601-65CA-47D4-9684-1F5B81587692}.Debug|Any CPU.Build.0 = Debug|Any CPU
		{86752601-65CA-47D4-9684-1F5B81587692}.Release|Any CPU.ActiveCfg = Release|Any CPU
		{86752601-65CA-47D4-9684-1F5B81587692}.Release|Any CPU.Build.0 = Release|Any CPU
		{86454F44-C876-452F-8539-41CF1EB1D2DD}.Debug|Any CPU.ActiveCfg = Debug|Any CPU
		{86454F44-C876-452F-8539-41CF1EB1D2DD}.Debug|Any CPU.Build.0 = Debug|Any CPU
		{86454F44-C876-452F-8539-41CF1EB1D2DD}.Release|Any CPU.ActiveCfg = Release|Any CPU
		{86454F44-C876-452F-8539-41CF1EB1D2DD}.Release|Any CPU.Build.0 = Release|Any CPU
		{AA75E7D7-B654-4072-8D5C-7A1245717FD6}.Debug|Any CPU.ActiveCfg = Debug|Any CPU
		{AA75E7D7-B654-4072-8D5C-7A1245717FD6}.Debug|Any CPU.Build.0 = Debug|Any CPU
		{AA75E7D7-B654-4072-8D5C-7A1245717FD6}.Release|Any CPU.ActiveCfg = Release|Any CPU
		{AA75E7D7-B654-4072-8D5C-7A1245717FD6}.Release|Any CPU.Build.0 = Release|Any CPU
		{9E53D4E5-5FE2-42D2-B6CA-33BD9BE9440C}.Debug|Any CPU.ActiveCfg = Debug|Any CPU
		{9E53D4E5-5FE2-42D2-B6CA-33BD9BE9440C}.Debug|Any CPU.Build.0 = Debug|Any CPU
		{9E53D4E5-5FE2-42D2-B6CA-33BD9BE9440C}.Release|Any CPU.ActiveCfg = Release|Any CPU
		{9E53D4E5-5FE2-42D2-B6CA-33BD9BE9440C}.Release|Any CPU.Build.0 = Release|Any CPU
		{B973518C-BEB7-40FF-BBF3-5E0D28AC3FE2}.Debug|Any CPU.ActiveCfg = Debug|Any CPU
		{B973518C-BEB7-40FF-BBF3-5E0D28AC3FE2}.Debug|Any CPU.Build.0 = Debug|Any CPU
		{B973518C-BEB7-40FF-BBF3-5E0D28AC3FE2}.Release|Any CPU.ActiveCfg = Release|Any CPU
		{B973518C-BEB7-40FF-BBF3-5E0D28AC3FE2}.Release|Any CPU.Build.0 = Release|Any CPU
		{94D3E571-655C-49A8-8FF8-B685C5ABC851}.Debug|Any CPU.ActiveCfg = Debug|Any CPU
		{94D3E571-655C-49A8-8FF8-B685C5ABC851}.Debug|Any CPU.Build.0 = Debug|Any CPU
		{94D3E571-655C-49A8-8FF8-B685C5ABC851}.Release|Any CPU.ActiveCfg = Release|Any CPU
		{94D3E571-655C-49A8-8FF8-B685C5ABC851}.Release|Any CPU.Build.0 = Release|Any CPU
		{839172FF-4216-4529-ADE2-0E5383515C36}.Debug|Any CPU.ActiveCfg = Debug|Any CPU
		{839172FF-4216-4529-ADE2-0E5383515C36}.Debug|Any CPU.Build.0 = Debug|Any CPU
		{839172FF-4216-4529-ADE2-0E5383515C36}.Release|Any CPU.ActiveCfg = Release|Any CPU
		{839172FF-4216-4529-ADE2-0E5383515C36}.Release|Any CPU.Build.0 = Release|Any CPU
		{F5B1140F-6939-4B7D-9946-9FD527777340}.Debug|Any CPU.ActiveCfg = Debug|Any CPU
		{F5B1140F-6939-4B7D-9946-9FD527777340}.Debug|Any CPU.Build.0 = Debug|Any CPU
		{F5B1140F-6939-4B7D-9946-9FD527777340}.Release|Any CPU.ActiveCfg = Release|Any CPU
		{F5B1140F-6939-4B7D-9946-9FD527777340}.Release|Any CPU.Build.0 = Release|Any CPU
		{BA0820E7-FD77-4382-82CB-C882B1B7CF0B}.Debug|Any CPU.ActiveCfg = Debug|Any CPU
		{BA0820E7-FD77-4382-82CB-C882B1B7CF0B}.Debug|Any CPU.Build.0 = Debug|Any CPU
		{BA0820E7-FD77-4382-82CB-C882B1B7CF0B}.Release|Any CPU.ActiveCfg = Release|Any CPU
		{BA0820E7-FD77-4382-82CB-C882B1B7CF0B}.Release|Any CPU.Build.0 = Release|Any CPU
		{6FAA8C62-A217-40D7-B2A0-0F078FAC5F77}.Debug|Any CPU.ActiveCfg = Debug|Any CPU
		{6FAA8C62-A217-40D7-B2A0-0F078FAC5F77}.Debug|Any CPU.Build.0 = Debug|Any CPU
		{6FAA8C62-A217-40D7-B2A0-0F078FAC5F77}.Release|Any CPU.ActiveCfg = Release|Any CPU
		{6FAA8C62-A217-40D7-B2A0-0F078FAC5F77}.Release|Any CPU.Build.0 = Release|Any CPU
		{78E47CCC-D561-4F3A-8F75-E242A1722DD3}.Debug|Any CPU.ActiveCfg = Debug|Any CPU
		{78E47CCC-D561-4F3A-8F75-E242A1722DD3}.Debug|Any CPU.Build.0 = Debug|Any CPU
		{78E47CCC-D561-4F3A-8F75-E242A1722DD3}.Release|Any CPU.ActiveCfg = Release|Any CPU
		{78E47CCC-D561-4F3A-8F75-E242A1722DD3}.Release|Any CPU.Build.0 = Release|Any CPU
		{140B9073-5313-473F-A38F-BF57AA272D56}.Debug|Any CPU.ActiveCfg = Debug|Any CPU
		{140B9073-5313-473F-A38F-BF57AA272D56}.Debug|Any CPU.Build.0 = Debug|Any CPU
		{140B9073-5313-473F-A38F-BF57AA272D56}.Release|Any CPU.ActiveCfg = Release|Any CPU
		{140B9073-5313-473F-A38F-BF57AA272D56}.Release|Any CPU.Build.0 = Release|Any CPU
		{0C819D0D-AF4A-43F0-953B-9146C2571BFA}.Debug|Any CPU.ActiveCfg = Debug|Any CPU
		{0C819D0D-AF4A-43F0-953B-9146C2571BFA}.Debug|Any CPU.Build.0 = Debug|Any CPU
		{0C819D0D-AF4A-43F0-953B-9146C2571BFA}.Release|Any CPU.ActiveCfg = Release|Any CPU
		{0C819D0D-AF4A-43F0-953B-9146C2571BFA}.Release|Any CPU.Build.0 = Release|Any CPU
		{C28161A6-9E4D-44DB-8D40-25154BEE3761}.Debug|Any CPU.ActiveCfg = Debug|Any CPU
		{C28161A6-9E4D-44DB-8D40-25154BEE3761}.Debug|Any CPU.Build.0 = Debug|Any CPU
		{C28161A6-9E4D-44DB-8D40-25154BEE3761}.Release|Any CPU.ActiveCfg = Release|Any CPU
		{C28161A6-9E4D-44DB-8D40-25154BEE3761}.Release|Any CPU.Build.0 = Release|Any CPU
		{3AAD6F89-D0DE-4AAD-8E8F-B1D3949CB1F5}.Debug|Any CPU.ActiveCfg = Debug|Any CPU
		{3AAD6F89-D0DE-4AAD-8E8F-B1D3949CB1F5}.Debug|Any CPU.Build.0 = Debug|Any CPU
		{3AAD6F89-D0DE-4AAD-8E8F-B1D3949CB1F5}.Release|Any CPU.ActiveCfg = Release|Any CPU
		{3AAD6F89-D0DE-4AAD-8E8F-B1D3949CB1F5}.Release|Any CPU.Build.0 = Release|Any CPU
		{B2842C9E-947F-40F3-A637-A579186288F4}.Debug|Any CPU.ActiveCfg = Debug|Any CPU
		{B2842C9E-947F-40F3-A637-A579186288F4}.Debug|Any CPU.Build.0 = Debug|Any CPU
		{B2842C9E-947F-40F3-A637-A579186288F4}.Release|Any CPU.ActiveCfg = Release|Any CPU
		{B2842C9E-947F-40F3-A637-A579186288F4}.Release|Any CPU.Build.0 = Release|Any CPU
	EndGlobalSection
	GlobalSection(SolutionProperties) = preSolution
		HideSolutionNode = FALSE
	EndGlobalSection
	GlobalSection(NestedProjects) = preSolution
		{EEDC6594-2798-4A82-A19C-72918F6763F9} = {D86C3561-A327-4FD4-90EF-3C65EBD54784}
		{4BF62579-3B32-4E53-949A-852E96078D78} = {D86C3561-A327-4FD4-90EF-3C65EBD54784}
		{9615E662-0351-490C-A9C9-3D5AB70A1A74} = {D86C3561-A327-4FD4-90EF-3C65EBD54784}
		{350D2486-ABEB-47EE-9CD4-6C047D8BC1E6} = {D86C3561-A327-4FD4-90EF-3C65EBD54784}
		{E8278E01-E0D6-4961-BA84-92E5A68ED8C1} = {32A1267D-582C-44E1-A994-D530AE603709}
		{86752601-65CA-47D4-9684-1F5B81587692} = {32A1267D-582C-44E1-A994-D530AE603709}
		{86454F44-C876-452F-8539-41CF1EB1D2DD} = {32A1267D-582C-44E1-A994-D530AE603709}
		{AA75E7D7-B654-4072-8D5C-7A1245717FD6} = {32A1267D-582C-44E1-A994-D530AE603709}
		{9E53D4E5-5FE2-42D2-B6CA-33BD9BE9440C} = {4BF62579-3B32-4E53-949A-852E96078D78}
		{B973518C-BEB7-40FF-BBF3-5E0D28AC3FE2} = {4BF62579-3B32-4E53-949A-852E96078D78}
		{94D3E571-655C-49A8-8FF8-B685C5ABC851} = {4BF62579-3B32-4E53-949A-852E96078D78}
		{839172FF-4216-4529-ADE2-0E5383515C36} = {4BF62579-3B32-4E53-949A-852E96078D78}
		{F5B1140F-6939-4B7D-9946-9FD527777340} = {9615E662-0351-490C-A9C9-3D5AB70A1A74}
		{BA0820E7-FD77-4382-82CB-C882B1B7CF0B} = {9615E662-0351-490C-A9C9-3D5AB70A1A74}
		{6FAA8C62-A217-40D7-B2A0-0F078FAC5F77} = {9615E662-0351-490C-A9C9-3D5AB70A1A74}
		{78E47CCC-D561-4F3A-8F75-E242A1722DD3} = {9615E662-0351-490C-A9C9-3D5AB70A1A74}
		{140B9073-5313-473F-A38F-BF57AA272D56} = {350D2486-ABEB-47EE-9CD4-6C047D8BC1E6}
		{0C819D0D-AF4A-43F0-953B-9146C2571BFA} = {350D2486-ABEB-47EE-9CD4-6C047D8BC1E6}
		{C28161A6-9E4D-44DB-8D40-25154BEE3761} = {350D2486-ABEB-47EE-9CD4-6C047D8BC1E6}
		{3AAD6F89-D0DE-4AAD-8E8F-B1D3949CB1F5} = {350D2486-ABEB-47EE-9CD4-6C047D8BC1E6}
		{B2842C9E-947F-40F3-A637-A579186288F4} = {EEDC6594-2798-4A82-A19C-72918F6763F9}
	EndGlobalSection
	GlobalSection(ExtensibilityGlobals) = postSolution
		SolutionGuid = {059106B5-3726-4B89-86BC-1BE61AC9CAE6}
	EndGlobalSection
EndGlobal
